
Microsoft Visual Studio Solution File, Format Version 12.00
# Visual Studio Version 17
VisualStudioVersion = 17.9.34622.214
MinimumVisualStudioVersion = 10.0.40219.1
Project("{FAE04EC0-301F-11D3-BF4B-00C04F79EFBC}") = "App", "App\App.csproj", "{61DEF51C-6302-4DAB-AFD2-C01722DFC7A8}"
EndProject
Global
	GlobalSection(SolutionConfigurationPlatforms) = preSolution
		Debug|Any CPU = Debug|Any CPU
		Release|Any CPU = Release|Any CPU
	EndGlobalSection
	GlobalSection(ProjectConfigurationPlatforms) = postSolution
		{61DEF51C-6302-4DAB-AFD2-C01722DFC7A8}.Debug|Any CPU.ActiveCfg = Debug|Any CPU
		{61DEF51C-6302-4DAB-AFD2-C01722DFC7A8}.Debug|Any CPU.Build.0 = Debug|Any CPU
		{61DEF51C-6302-4DAB-AFD2-C01722DFC7A8}.Debug|Any CPU.Deploy.0 = Debug|Any CPU
		{61DEF51C-6302-4DAB-AFD2-C01722DFC7A8}.Release|Any CPU.ActiveCfg = Release|Any CPU
		{61DEF51C-6302-4DAB-AFD2-C01722DFC7A8}.Release|Any CPU.Build.0 = Release|Any CPU
		{61DEF51C-6302-4DAB-AFD2-C01722DFC7A8}.Release|Any CPU.Deploy.0 = Release|Any CPU
	EndGlobalSection
	GlobalSection(SolutionProperties) = preSolution
		HideSolutionNode = FALSE
	EndGlobalSection
	GlobalSection(ExtensibilityGlobals) = postSolution
		SolutionGuid = {E348BB25-EBF0-423B-8660-BA04DEA9200E}
	EndGlobalSection
EndGlobal
